
Microsoft Visual Studio Solution File, Format Version 12.00
# Visual Studio 15
VisualStudioVersion = 15.0.28307.421
MinimumVisualStudioVersion = 10.0.40219.1
Project("{FAE04EC0-301F-11D3-BF4B-00C04F79EFBC}") = "App2.Android", "App2\App2.Android\App2.Android.csproj", "{76F9641B-C41A-4B20-A751-78A27164F6BF}"
EndProject
Project("{FAE04EC0-301F-11D3-BF4B-00C04F79EFBC}") = "App2.iOS", "App2\App2.iOS\App2.iOS.csproj", "{E936DCB5-F090-4418-B6DA-59D7C34E168B}"
EndProject
Project("{FAE04EC0-301F-11D3-BF4B-00C04F79EFBC}") = "App2.UWP", "App2\App2.UWP\App2.UWP.csproj", "{6F445FB5-154B-4EAA-9AF7-8DBF3F6180A2}"
EndProject
Project("{FAE04EC0-301F-11D3-BF4B-00C04F79EFBC}") = "App2", "App2\App2\App2.csproj", "{E6D7C946-2961-4CAD-8184-57BA8530CAB2}"
EndProject
Global
	GlobalSection(SolutionConfigurationPlatforms) = preSolution
		Ad-Hoc|Any CPU = Ad-Hoc|Any CPU
		Ad-Hoc|ARM = Ad-Hoc|ARM
		Ad-Hoc|iPhone = Ad-Hoc|iPhone
		Ad-Hoc|iPhoneSimulator = Ad-Hoc|iPhoneSimulator
		Ad-Hoc|x64 = Ad-Hoc|x64
		Ad-Hoc|x86 = Ad-Hoc|x86
		AppStore|Any CPU = AppStore|Any CPU
		AppStore|ARM = AppStore|ARM
		AppStore|iPhone = AppStore|iPhone
		AppStore|iPhoneSimulator = AppStore|iPhoneSimulator
		AppStore|x64 = AppStore|x64
		AppStore|x86 = AppStore|x86
		Debug|Any CPU = Debug|Any CPU
		Debug|ARM = Debug|ARM
		Debug|iPhone = Debug|iPhone
		Debug|iPhoneSimulator = Debug|iPhoneSimulator
		Debug|x64 = Debug|x64
		Debug|x86 = Debug|x86
		Release|Any CPU = Release|Any CPU
		Release|ARM = Release|ARM
		Release|iPhone = Release|iPhone
		Release|iPhoneSimulator = Release|iPhoneSimulator
		Release|x64 = Release|x64
		Release|x86 = Release|x86
	EndGlobalSection
	GlobalSection(ProjectConfigurationPlatforms) = postSolution
		{76F9641B-C41A-4B20-A751-78A27164F6BF}.Ad-Hoc|Any CPU.ActiveCfg = Release|Any CPU
		{76F9641B-C41A-4B20-A751-78A27164F6BF}.Ad-Hoc|Any CPU.Build.0 = Release|Any CPU
		{76F9641B-C41A-4B20-A751-78A27164F6BF}.Ad-Hoc|Any CPU.Deploy.0 = Release|Any CPU
		{76F9641B-C41A-4B20-A751-78A27164F6BF}.Ad-Hoc|ARM.ActiveCfg = Release|Any CPU
		{76F9641B-C41A-4B20-A751-78A27164F6BF}.Ad-Hoc|ARM.Build.0 = Release|Any CPU
		{76F9641B-C41A-4B20-A751-78A27164F6BF}.Ad-Hoc|ARM.Deploy.0 = Release|Any CPU
		{76F9641B-C41A-4B20-A751-78A27164F6BF}.Ad-Hoc|iPhone.ActiveCfg = Release|Any CPU
		{76F9641B-C41A-4B20-A751-78A27164F6BF}.Ad-Hoc|iPhone.Build.0 = Release|Any CPU
		{76F9641B-C41A-4B20-A751-78A27164F6BF}.Ad-Hoc|iPhone.Deploy.0 = Release|Any CPU
		{76F9641B-C41A-4B20-A751-78A27164F6BF}.Ad-Hoc|iPhoneSimulator.ActiveCfg = Release|Any CPU
		{76F9641B-C41A-4B20-A751-78A27164F6BF}.Ad-Hoc|iPhoneSimulator.Build.0 = Release|Any CPU
		{76F9641B-C41A-4B20-A751-78A27164F6BF}.Ad-Hoc|iPhoneSimulator.Deploy.0 = Release|Any CPU
		{76F9641B-C41A-4B20-A751-78A27164F6BF}.Ad-Hoc|x64.ActiveCfg = Release|Any CPU
		{76F9641B-C41A-4B20-A751-78A27164F6BF}.Ad-Hoc|x64.Build.0 = Release|Any CPU
		{76F9641B-C41A-4B20-A751-78A27164F6BF}.Ad-Hoc|x64.Deploy.0 = Release|Any CPU
		{76F9641B-C41A-4B20-A751-78A27164F6BF}.Ad-Hoc|x86.ActiveCfg = Release|Any CPU
		{76F9641B-C41A-4B20-A751-78A27164F6BF}.Ad-Hoc|x86.Build.0 = Release|Any CPU
		{76F9641B-C41A-4B20-A751-78A27164F6BF}.Ad-Hoc|x86.Deploy.0 = Release|Any CPU
		{76F9641B-C41A-4B20-A751-78A27164F6BF}.AppStore|Any CPU.ActiveCfg = Release|Any CPU
		{76F9641B-C41A-4B20-A751-78A27164F6BF}.AppStore|Any CPU.Build.0 = Release|Any CPU
		{76F9641B-C41A-4B20-A751-78A27164F6BF}.AppStore|Any CPU.Deploy.0 = Release|Any CPU
		{76F9641B-C41A-4B20-A751-78A27164F6BF}.AppStore|ARM.ActiveCfg = Release|Any CPU
		{76F9641B-C41A-4B20-A751-78A27164F6BF}.AppStore|ARM.Build.0 = Release|Any CPU
		{76F9641B-C41A-4B20-A751-78A27164F6BF}.AppStore|ARM.Deploy.0 = Release|Any CPU
		{76F9641B-C41A-4B20-A751-78A27164F6BF}.AppStore|iPhone.ActiveCfg = Release|Any CPU
		{76F9641B-C41A-4B20-A751-78A27164F6BF}.AppStore|iPhone.Build.0 = Release|Any CPU
		{76F9641B-C41A-4B20-A751-78A27164F6BF}.AppStore|iPhone.Deploy.0 = Release|Any CPU
		{76F9641B-C41A-4B20-A751-78A27164F6BF}.AppStore|iPhoneSimulator.ActiveCfg = Release|Any CPU
		{76F9641B-C41A-4B20-A751-78A27164F6BF}.AppStore|iPhoneSimulator.Build.0 = Release|Any CPU
		{76F9641B-C41A-4B20-A751-78A27164F6BF}.AppStore|iPhoneSimulator.Deploy.0 = Release|Any CPU
		{76F9641B-C41A-4B20-A751-78A27164F6BF}.AppStore|x64.ActiveCfg = Release|Any CPU
		{76F9641B-C41A-4B20-A751-78A27164F6BF}.AppStore|x64.Build.0 = Release|Any CPU
		{76F9641B-C41A-4B20-A751-78A27164F6BF}.AppStore|x64.Deploy.0 = Release|Any CPU
		{76F9641B-C41A-4B20-A751-78A27164F6BF}.AppStore|x86.ActiveCfg = Release|Any CPU
		{76F9641B-C41A-4B20-A751-78A27164F6BF}.AppStore|x86.Build.0 = Release|Any CPU
		{76F9641B-C41A-4B20-A751-78A27164F6BF}.AppStore|x86.Deploy.0 = Release|Any CPU
		{76F9641B-C41A-4B20-A751-78A27164F6BF}.Debug|Any CPU.ActiveCfg = Debug|Any CPU
		{76F9641B-C41A-4B20-A751-78A27164F6BF}.Debug|Any CPU.Build.0 = Debug|Any CPU
		{76F9641B-C41A-4B20-A751-78A27164F6BF}.Debug|Any CPU.Deploy.0 = Debug|Any CPU
		{76F9641B-C41A-4B20-A751-78A27164F6BF}.Debug|ARM.ActiveCfg = Debug|Any CPU
		{76F9641B-C41A-4B20-A751-78A27164F6BF}.Debug|ARM.Build.0 = Debug|Any CPU
		{76F9641B-C41A-4B20-A751-78A27164F6BF}.Debug|ARM.Deploy.0 = Debug|Any CPU
		{76F9641B-C41A-4B20-A751-78A27164F6BF}.Debug|iPhone.ActiveCfg = Debug|Any CPU
		{76F9641B-C41A-4B20-A751-78A27164F6BF}.Debug|iPhone.Build.0 = Debug|Any CPU
		{76F9641B-C41A-4B20-A751-78A27164F6BF}.Debug|iPhone.Deploy.0 = Debug|Any CPU
		{76F9641B-C41A-4B20-A751-78A27164F6BF}.Debug|iPhoneSimulator.ActiveCfg = Debug|Any CPU
		{76F9641B-C41A-4B20-A751-78A27164F6BF}.Debug|iPhoneSimulator.Build.0 = Debug|Any CPU
		{76F9641B-C41A-4B20-A751-78A27164F6BF}.Debug|iPhoneSimulator.Deploy.0 = Debug|Any CPU
		{76F9641B-C41A-4B20-A751-78A27164F6BF}.Debug|x64.ActiveCfg = Debug|Any CPU
		{76F9641B-C41A-4B20-A751-78A27164F6BF}.Debug|x64.Build.0 = Debug|Any CPU
		{76F9641B-C41A-4B20-A751-78A27164F6BF}.Debug|x64.Deploy.0 = Debug|Any CPU
		{76F9641B-C41A-4B20-A751-78A27164F6BF}.Debug|x86.ActiveCfg = Debug|Any CPU
		{76F9641B-C41A-4B20-A751-78A27164F6BF}.Debug|x86.Build.0 = Debug|Any CPU
		{76F9641B-C41A-4B20-A751-78A27164F6BF}.Debug|x86.Deploy.0 = Debug|Any CPU
		{76F9641B-C41A-4B20-A751-78A27164F6BF}.Release|Any CPU.ActiveCfg = Release|Any CPU
		{76F9641B-C41A-4B20-A751-78A27164F6BF}.Release|Any CPU.Build.0 = Release|Any CPU
		{76F9641B-C41A-4B20-A751-78A27164F6BF}.Release|Any CPU.Deploy.0 = Release|Any CPU
		{76F9641B-C41A-4B20-A751-78A27164F6BF}.Release|ARM.ActiveCfg = Release|Any CPU
		{76F9641B-C41A-4B20-A751-78A27164F6BF}.Release|ARM.Build.0 = Release|Any CPU
		{76F9641B-C41A-4B20-A751-78A27164F6BF}.Release|ARM.Deploy.0 = Release|Any CPU
		{76F9641B-C41A-4B20-A751-78A27164F6BF}.Release|iPhone.ActiveCfg = Release|Any CPU
		{76F9641B-C41A-4B20-A751-78A27164F6BF}.Release|iPhone.Build.0 = Release|Any CPU
		{76F9641B-C41A-4B20-A751-78A27164F6BF}.Release|iPhone.Deploy.0 = Release|Any CPU
		{76F9641B-C41A-4B20-A751-78A27164F6BF}.Release|iPhoneSimulator.ActiveCfg = Release|Any CPU
		{76F9641B-C41A-4B20-A751-78A27164F6BF}.Release|iPhoneSimulator.Build.0 = Release|Any CPU
		{76F9641B-C41A-4B20-A751-78A27164F6BF}.Release|iPhoneSimulator.Deploy.0 = Release|Any CPU
		{76F9641B-C41A-4B20-A751-78A27164F6BF}.Release|x64.ActiveCfg = Release|Any CPU
		{76F9641B-C41A-4B20-A751-78A27164F6BF}.Release|x64.Build.0 = Release|Any CPU
		{76F9641B-C41A-4B20-A751-78A27164F6BF}.Release|x64.Deploy.0 = Release|Any CPU
		{76F9641B-C41A-4B20-A751-78A27164F6BF}.Release|x86.ActiveCfg = Release|Any CPU
		{76F9641B-C41A-4B20-A751-78A27164F6BF}.Release|x86.Build.0 = Release|Any CPU
		{76F9641B-C41A-4B20-A751-78A27164F6BF}.Release|x86.Deploy.0 = Release|Any CPU
		{E936DCB5-F090-4418-B6DA-59D7C34E168B}.Ad-Hoc|Any CPU.ActiveCfg = Ad-Hoc|iPhone
		{E936DCB5-F090-4418-B6DA-59D7C34E168B}.Ad-Hoc|Any CPU.Build.0 = Ad-Hoc|iPhone
		{E936DCB5-F090-4418-B6DA-59D7C34E168B}.Ad-Hoc|Any CPU.Deploy.0 = Ad-Hoc|iPhone
		{E936DCB5-F090-4418-B6DA-59D7C34E168B}.Ad-Hoc|ARM.ActiveCfg = Ad-Hoc|iPhone
		{E936DCB5-F090-4418-B6DA-59D7C34E168B}.Ad-Hoc|ARM.Build.0 = Ad-Hoc|iPhone
		{E936DCB5-F090-4418-B6DA-59D7C34E168B}.Ad-Hoc|ARM.Deploy.0 = Ad-Hoc|iPhone
		{E936DCB5-F090-4418-B6DA-59D7C34E168B}.Ad-Hoc|iPhone.ActiveCfg = Ad-Hoc|iPhone
		{E936DCB5-F090-4418-B6DA-59D7C34E168B}.Ad-Hoc|iPhone.Build.0 = Ad-Hoc|iPhone
		{E936DCB5-F090-4418-B6DA-59D7C34E168B}.Ad-Hoc|iPhone.Deploy.0 = Ad-Hoc|iPhone
		{E936DCB5-F090-4418-B6DA-59D7C34E168B}.Ad-Hoc|iPhoneSimulator.ActiveCfg = Ad-Hoc|iPhoneSimulator
		{E936DCB5-F090-4418-B6DA-59D7C34E168B}.Ad-Hoc|iPhoneSimulator.Build.0 = Ad-Hoc|iPhoneSimulator
		{E936DCB5-F090-4418-B6DA-59D7C34E168B}.Ad-Hoc|iPhoneSimulator.Deploy.0 = Ad-Hoc|iPhoneSimulator
		{E936DCB5-F090-4418-B6DA-59D7C34E168B}.Ad-Hoc|x64.ActiveCfg = Ad-Hoc|iPhone
		{E936DCB5-F090-4418-B6DA-59D7C34E168B}.Ad-Hoc|x64.Build.0 = Ad-Hoc|iPhone
		{E936DCB5-F090-4418-B6DA-59D7C34E168B}.Ad-Hoc|x64.Deploy.0 = Ad-Hoc|iPhone
		{E936DCB5-F090-4418-B6DA-59D7C34E168B}.Ad-Hoc|x86.ActiveCfg = Ad-Hoc|iPhone
		{E936DCB5-F090-4418-B6DA-59D7C34E168B}.Ad-Hoc|x86.Build.0 = Ad-Hoc|iPhone
		{E936DCB5-F090-4418-B6DA-59D7C34E168B}.Ad-Hoc|x86.Deploy.0 = Ad-Hoc|iPhone
		{E936DCB5-F090-4418-B6DA-59D7C34E168B}.AppStore|Any CPU.ActiveCfg = AppStore|iPhone
		{E936DCB5-F090-4418-B6DA-59D7C34E168B}.AppStore|Any CPU.Build.0 = AppStore|iPhone
		{E936DCB5-F090-4418-B6DA-59D7C34E168B}.AppStore|Any CPU.Deploy.0 = AppStore|iPhone
		{E936DCB5-F090-4418-B6DA-59D7C34E168B}.AppStore|ARM.ActiveCfg = AppStore|iPhone
		{E936DCB5-F090-4418-B6DA-59D7C34E168B}.AppStore|ARM.Build.0 = AppStore|iPhone
		{E936DCB5-F090-4418-B6DA-59D7C34E168B}.AppStore|ARM.Deploy.0 = AppStore|iPhone
		{E936DCB5-F090-4418-B6DA-59D7C34E168B}.AppStore|iPhone.ActiveCfg = AppStore|iPhone
		{E936DCB5-F090-4418-B6DA-59D7C34E168B}.AppStore|iPhone.Build.0 = AppStore|iPhone
		{E936DCB5-F090-4418-B6DA-59D7C34E168B}.AppStore|iPhone.Deploy.0 = AppStore|iPhone
		{E936DCB5-F090-4418-B6DA-59D7C34E168B}.AppStore|iPhoneSimulator.ActiveCfg = AppStore|iPhoneSimulator
		{E936DCB5-F090-4418-B6DA-59D7C34E168B}.AppStore|iPhoneSimulator.Build.0 = AppStore|iPhoneSimulator
		{E936DCB5-F090-4418-B6DA-59D7C34E168B}.AppStore|iPhoneSimulator.Deploy.0 = AppStore|iPhoneSimulator
		{E936DCB5-F090-4418-B6DA-59D7C34E168B}.AppStore|x64.ActiveCfg = AppStore|iPhone
		{E936DCB5-F090-4418-B6DA-59D7C34E168B}.AppStore|x64.Build.0 = AppStore|iPhone
		{E936DCB5-F090-4418-B6DA-59D7C34E168B}.AppStore|x64.Deploy.0 = AppStore|iPhone
		{E936DCB5-F090-4418-B6DA-59D7C34E168B}.AppStore|x86.ActiveCfg = AppStore|iPhone
		{E936DCB5-F090-4418-B6DA-59D7C34E168B}.AppStore|x86.Build.0 = AppStore|iPhone
		{E936DCB5-F090-4418-B6DA-59D7C34E168B}.AppStore|x86.Deploy.0 = AppStore|iPhone
		{E936DCB5-F090-4418-B6DA-59D7C34E168B}.Debug|Any CPU.ActiveCfg = Debug|iPhoneSimulator
		{E936DCB5-F090-4418-B6DA-59D7C34E168B}.Debug|Any CPU.Build.0 = Debug|iPhoneSimulator
		{E936DCB5-F090-4418-B6DA-59D7C34E168B}.Debug|Any CPU.Deploy.0 = Debug|iPhoneSimulator
		{E936DCB5-F090-4418-B6DA-59D7C34E168B}.Debug|ARM.ActiveCfg = Debug|iPhone
		{E936DCB5-F090-4418-B6DA-59D7C34E168B}.Debug|ARM.Build.0 = Debug|iPhone
		{E936DCB5-F090-4418-B6DA-59D7C34E168B}.Debug|ARM.Deploy.0 = Debug|iPhone
		{E936DCB5-F090-4418-B6DA-59D7C34E168B}.Debug|iPhone.ActiveCfg = Debug|iPhone
		{E936DCB5-F090-4418-B6DA-59D7C34E168B}.Debug|iPhone.Build.0 = Debug|iPhone
		{E936DCB5-F090-4418-B6DA-59D7C34E168B}.Debug|iPhone.Deploy.0 = Debug|iPhone
		{E936DCB5-F090-4418-B6DA-59D7C34E168B}.Debug|iPhoneSimulator.ActiveCfg = Debug|iPhoneSimulator
		{E936DCB5-F090-4418-B6DA-59D7C34E168B}.Debug|iPhoneSimulator.Build.0 = Debug|iPhoneSimulator
		{E936DCB5-F090-4418-B6DA-59D7C34E168B}.Debug|iPhoneSimulator.Deploy.0 = Debug|iPhoneSimulator
		{E936DCB5-F090-4418-B6DA-59D7C34E168B}.Debug|x64.ActiveCfg = Debug|iPhone
		{E936DCB5-F090-4418-B6DA-59D7C34E168B}.Debug|x64.Build.0 = Debug|iPhone
		{E936DCB5-F090-4418-B6DA-59D7C34E168B}.Debug|x64.Deploy.0 = Debug|iPhone
		{E936DCB5-F090-4418-B6DA-59D7C34E168B}.Debug|x86.ActiveCfg = Debug|iPhone
		{E936DCB5-F090-4418-B6DA-59D7C34E168B}.Debug|x86.Build.0 = Debug|iPhone
		{E936DCB5-F090-4418-B6DA-59D7C34E168B}.Debug|x86.Deploy.0 = Debug|iPhone
		{E936DCB5-F090-4418-B6DA-59D7C34E168B}.Release|Any CPU.ActiveCfg = Release|iPhone
		{E936DCB5-F090-4418-B6DA-59D7C34E168B}.Release|Any CPU.Build.0 = Release|iPhone
		{E936DCB5-F090-4418-B6DA-59D7C34E168B}.Release|Any CPU.Deploy.0 = Release|iPhone
		{E936DCB5-F090-4418-B6DA-59D7C34E168B}.Release|ARM.ActiveCfg = Release|iPhone
		{E936DCB5-F090-4418-B6DA-59D7C34E168B}.Release|ARM.Build.0 = Release|iPhone
		{E936DCB5-F090-4418-B6DA-59D7C34E168B}.Release|ARM.Deploy.0 = Release|iPhone
		{E936DCB5-F090-4418-B6DA-59D7C34E168B}.Release|iPhone.ActiveCfg = Release|iPhone
		{E936DCB5-F090-4418-B6DA-59D7C34E168B}.Release|iPhone.Build.0 = Release|iPhone
		{E936DCB5-F090-4418-B6DA-59D7C34E168B}.Release|iPhone.Deploy.0 = Release|iPhone
		{E936DCB5-F090-4418-B6DA-59D7C34E168B}.Release|iPhoneSimulator.ActiveCfg = Release|iPhoneSimulator
		{E936DCB5-F090-4418-B6DA-59D7C34E168B}.Release|iPhoneSimulator.Build.0 = Release|iPhoneSimulator
		{E936DCB5-F090-4418-B6DA-59D7C34E168B}.Release|iPhoneSimulator.Deploy.0 = Release|iPhoneSimulator
		{E936DCB5-F090-4418-B6DA-59D7C34E168B}.Release|x64.ActiveCfg = Release|iPhone
		{E936DCB5-F090-4418-B6DA-59D7C34E168B}.Release|x64.Build.0 = Release|iPhone
		{E936DCB5-F090-4418-B6DA-59D7C34E168B}.Release|x64.Deploy.0 = Release|iPhone
		{E936DCB5-F090-4418-B6DA-59D7C34E168B}.Release|x86.ActiveCfg = Release|iPhone
		{E936DCB5-F090-4418-B6DA-59D7C34E168B}.Release|x86.Build.0 = Release|iPhone
		{E936DCB5-F090-4418-B6DA-59D7C34E168B}.Release|x86.Deploy.0 = Release|iPhone
		{6F445FB5-154B-4EAA-9AF7-8DBF3F6180A2}.Ad-Hoc|Any CPU.ActiveCfg = Release|x86
		{6F445FB5-154B-4EAA-9AF7-8DBF3F6180A2}.Ad-Hoc|Any CPU.Build.0 = Release|x86
		{6F445FB5-154B-4EAA-9AF7-8DBF3F6180A2}.Ad-Hoc|Any CPU.Deploy.0 = Release|x86
		{6F445FB5-154B-4EAA-9AF7-8DBF3F6180A2}.Ad-Hoc|ARM.ActiveCfg = Release|ARM
		{6F445FB5-154B-4EAA-9AF7-8DBF3F6180A2}.Ad-Hoc|ARM.Build.0 = Release|ARM
		{6F445FB5-154B-4EAA-9AF7-8DBF3F6180A2}.Ad-Hoc|ARM.Deploy.0 = Release|ARM
		{6F445FB5-154B-4EAA-9AF7-8DBF3F6180A2}.Ad-Hoc|iPhone.ActiveCfg = Release|x86
		{6F445FB5-154B-4EAA-9AF7-8DBF3F6180A2}.Ad-Hoc|iPhone.Build.0 = Release|x86
		{6F445FB5-154B-4EAA-9AF7-8DBF3F6180A2}.Ad-Hoc|iPhone.Deploy.0 = Release|x86
		{6F445FB5-154B-4EAA-9AF7-8DBF3F6180A2}.Ad-Hoc|iPhoneSimulator.ActiveCfg = Release|x86
		{6F445FB5-154B-4EAA-9AF7-8DBF3F6180A2}.Ad-Hoc|iPhoneSimulator.Build.0 = Release|x86
		{6F445FB5-154B-4EAA-9AF7-8DBF3F6180A2}.Ad-Hoc|iPhoneSimulator.Deploy.0 = Release|x86
		{6F445FB5-154B-4EAA-9AF7-8DBF3F6180A2}.Ad-Hoc|x64.ActiveCfg = Release|x64
		{6F445FB5-154B-4EAA-9AF7-8DBF3F6180A2}.Ad-Hoc|x64.Build.0 = Release|x64
		{6F445FB5-154B-4EAA-9AF7-8DBF3F6180A2}.Ad-Hoc|x64.Deploy.0 = Release|x64
		{6F445FB5-154B-4EAA-9AF7-8DBF3F6180A2}.Ad-Hoc|x86.ActiveCfg = Release|x86
		{6F445FB5-154B-4EAA-9AF7-8DBF3F6180A2}.Ad-Hoc|x86.Build.0 = Release|x86
		{6F445FB5-154B-4EAA-9AF7-8DBF3F6180A2}.Ad-Hoc|x86.Deploy.0 = Release|x86
		{6F445FB5-154B-4EAA-9AF7-8DBF3F6180A2}.AppStore|Any CPU.ActiveCfg = Release|x86
		{6F445FB5-154B-4EAA-9AF7-8DBF3F6180A2}.AppStore|Any CPU.Build.0 = Release|x86
		{6F445FB5-154B-4EAA-9AF7-8DBF3F6180A2}.AppStore|Any CPU.Deploy.0 = Release|x86
		{6F445FB5-154B-4EAA-9AF7-8DBF3F6180A2}.AppStore|ARM.ActiveCfg = Release|ARM
		{6F445FB5-154B-4EAA-9AF7-8DBF3F6180A2}.AppStore|ARM.Build.0 = Release|ARM
		{6F445FB5-154B-4EAA-9AF7-8DBF3F6180A2}.AppStore|ARM.Deploy.0 = Release|ARM
		{6F445FB5-154B-4EAA-9AF7-8DBF3F6180A2}.AppStore|iPhone.ActiveCfg = Release|x86
		{6F445FB5-154B-4EAA-9AF7-8DBF3F6180A2}.AppStore|iPhone.Build.0 = Release|x86
		{6F445FB5-154B-4EAA-9AF7-8DBF3F6180A2}.AppStore|iPhone.Deploy.0 = Release|x86
		{6F445FB5-154B-4EAA-9AF7-8DBF3F6180A2}.AppStore|iPhoneSimulator.ActiveCfg = Release|x86
		{6F445FB5-154B-4EAA-9AF7-8DBF3F6180A2}.AppStore|iPhoneSimulator.Build.0 = Release|x86
		{6F445FB5-154B-4EAA-9AF7-8DBF3F6180A2}.AppStore|iPhoneSimulator.Deploy.0 = Release|x86
		{6F445FB5-154B-4EAA-9AF7-8DBF3F6180A2}.AppStore|x64.ActiveCfg = Release|x64
		{6F445FB5-154B-4EAA-9AF7-8DBF3F6180A2}.AppStore|x64.Build.0 = Release|x64
		{6F445FB5-154B-4EAA-9AF7-8DBF3F6180A2}.AppStore|x64.Deploy.0 = Release|x64
		{6F445FB5-154B-4EAA-9AF7-8DBF3F6180A2}.AppStore|x86.ActiveCfg = Release|x86
		{6F445FB5-154B-4EAA-9AF7-8DBF3F6180A2}.AppStore|x86.Build.0 = Release|x86
		{6F445FB5-154B-4EAA-9AF7-8DBF3F6180A2}.AppStore|x86.Deploy.0 = Release|x86
		{6F445FB5-154B-4EAA-9AF7-8DBF3F6180A2}.Debug|Any CPU.ActiveCfg = Debug|x86
		{6F445FB5-154B-4EAA-9AF7-8DBF3F6180A2}.Debug|Any CPU.Build.0 = Debug|x86
		{6F445FB5-154B-4EAA-9AF7-8DBF3F6180A2}.Debug|Any CPU.Deploy.0 = Debug|x86
		{6F445FB5-154B-4EAA-9AF7-8DBF3F6180A2}.Debug|ARM.ActiveCfg = Debug|ARM
		{6F445FB5-154B-4EAA-9AF7-8DBF3F6180A2}.Debug|ARM.Build.0 = Debug|ARM
		{6F445FB5-154B-4EAA-9AF7-8DBF3F6180A2}.Debug|ARM.Deploy.0 = Debug|ARM
		{6F445FB5-154B-4EAA-9AF7-8DBF3F6180A2}.Debug|iPhone.ActiveCfg = Debug|x86
		{6F445FB5-154B-4EAA-9AF7-8DBF3F6180A2}.Debug|iPhone.Build.0 = Debug|x86
		{6F445FB5-154B-4EAA-9AF7-8DBF3F6180A2}.Debug|iPhone.Deploy.0 = Debug|x86
		{6F445FB5-154B-4EAA-9AF7-8DBF3F6180A2}.Debug|iPhoneSimulator.ActiveCfg = Debug|x86
		{6F445FB5-154B-4EAA-9AF7-8DBF3F6180A2}.Debug|iPhoneSimulator.Build.0 = Debug|x86
		{6F445FB5-154B-4EAA-9AF7-8DBF3F6180A2}.Debug|iPhoneSimulator.Deploy.0 = Debug|x86
		{6F445FB5-154B-4EAA-9AF7-8DBF3F6180A2}.Debug|x64.ActiveCfg = Debug|x64
		{6F445FB5-154B-4EAA-9AF7-8DBF3F6180A2}.Debug|x64.Build.0 = Debug|x64
		{6F445FB5-154B-4EAA-9AF7-8DBF3F6180A2}.Debug|x64.Deploy.0 = Debug|x64
		{6F445FB5-154B-4EAA-9AF7-8DBF3F6180A2}.Debug|x86.ActiveCfg = Debug|x86
		{6F445FB5-154B-4EAA-9AF7-8DBF3F6180A2}.Debug|x86.Build.0 = Debug|x86
		{6F445FB5-154B-4EAA-9AF7-8DBF3F6180A2}.Debug|x86.Deploy.0 = Debug|x86
		{6F445FB5-154B-4EAA-9AF7-8DBF3F6180A2}.Release|Any CPU.ActiveCfg = Release|x86
		{6F445FB5-154B-4EAA-9AF7-8DBF3F6180A2}.Release|Any CPU.Build.0 = Release|x86
		{6F445FB5-154B-4EAA-9AF7-8DBF3F6180A2}.Release|Any CPU.Deploy.0 = Release|x86
		{6F445FB5-154B-4EAA-9AF7-8DBF3F6180A2}.Release|ARM.ActiveCfg = Release|ARM
		{6F445FB5-154B-4EAA-9AF7-8DBF3F6180A2}.Release|ARM.Build.0 = Release|ARM
		{6F445FB5-154B-4EAA-9AF7-8DBF3F6180A2}.Release|ARM.Deploy.0 = Release|ARM
		{6F445FB5-154B-4EAA-9AF7-8DBF3F6180A2}.Release|iPhone.ActiveCfg = Release|x86
		{6F445FB5-154B-4EAA-9AF7-8DBF3F6180A2}.Release|iPhone.Build.0 = Release|x86
		{6F445FB5-154B-4EAA-9AF7-8DBF3F6180A2}.Release|iPhone.Deploy.0 = Release|x86
		{6F445FB5-154B-4EAA-9AF7-8DBF3F6180A2}.Release|iPhoneSimulator.ActiveCfg = Release|x86
		{6F445FB5-154B-4EAA-9AF7-8DBF3F6180A2}.Release|iPhoneSimulator.Build.0 = Release|x86
		{6F445FB5-154B-4EAA-9AF7-8DBF3F6180A2}.Release|iPhoneSimulator.Deploy.0 = Release|x86
		{6F445FB5-154B-4EAA-9AF7-8DBF3F6180A2}.Release|x64.ActiveCfg = Release|x64
		{6F445FB5-154B-4EAA-9AF7-8DBF3F6180A2}.Release|x64.Build.0 = Release|x64
		{6F445FB5-154B-4EAA-9AF7-8DBF3F6180A2}.Release|x64.Deploy.0 = Release|x64
		{6F445FB5-154B-4EAA-9AF7-8DBF3F6180A2}.Release|x86.ActiveCfg = Release|x86
		{6F445FB5-154B-4EAA-9AF7-8DBF3F6180A2}.Release|x86.Build.0 = Release|x86
		{6F445FB5-154B-4EAA-9AF7-8DBF3F6180A2}.Release|x86.Deploy.0 = Release|x86
		{E6D7C946-2961-4CAD-8184-57BA8530CAB2}.Ad-Hoc|Any CPU.ActiveCfg = Debug|Any CPU
		{E6D7C946-2961-4CAD-8184-57BA8530CAB2}.Ad-Hoc|Any CPU.Build.0 = Debug|Any CPU
		{E6D7C946-2961-4CAD-8184-57BA8530CAB2}.Ad-Hoc|Any CPU.Deploy.0 = Debug|Any CPU
		{E6D7C946-2961-4CAD-8184-57BA8530CAB2}.Ad-Hoc|ARM.ActiveCfg = Debug|Any CPU
		{E6D7C946-2961-4CAD-8184-57BA8530CAB2}.Ad-Hoc|ARM.Build.0 = Debug|Any CPU
		{E6D7C946-2961-4CAD-8184-57BA8530CAB2}.Ad-Hoc|ARM.Deploy.0 = Debug|Any CPU
		{E6D7C946-2961-4CAD-8184-57BA8530CAB2}.Ad-Hoc|iPhone.ActiveCfg = Debug|Any CPU
		{E6D7C946-2961-4CAD-8184-57BA8530CAB2}.Ad-Hoc|iPhone.Build.0 = Debug|Any CPU
		{E6D7C946-2961-4CAD-8184-57BA8530CAB2}.Ad-Hoc|iPhone.Deploy.0 = Debug|Any CPU
		{E6D7C946-2961-4CAD-8184-57BA8530CAB2}.Ad-Hoc|iPhoneSimulator.ActiveCfg = Debug|Any CPU
		{E6D7C946-2961-4CAD-8184-57BA8530CAB2}.Ad-Hoc|iPhoneSimulator.Build.0 = Debug|Any CPU
		{E6D7C946-2961-4CAD-8184-57BA8530CAB2}.Ad-Hoc|iPhoneSimulator.Deploy.0 = Debug|Any CPU
		{E6D7C946-2961-4CAD-8184-57BA8530CAB2}.Ad-Hoc|x64.ActiveCfg = Debug|Any CPU
		{E6D7C946-2961-4CAD-8184-57BA8530CAB2}.Ad-Hoc|x64.Build.0 = Debug|Any CPU
		{E6D7C946-2961-4CAD-8184-57BA8530CAB2}.Ad-Hoc|x64.Deploy.0 = Debug|Any CPU
		{E6D7C946-2961-4CAD-8184-57BA8530CAB2}.Ad-Hoc|x86.ActiveCfg = Debug|Any CPU
		{E6D7C946-2961-4CAD-8184-57BA8530CAB2}.Ad-Hoc|x86.Build.0 = Debug|Any CPU
		{E6D7C946-2961-4CAD-8184-57BA8530CAB2}.Ad-Hoc|x86.Deploy.0 = Debug|Any CPU
		{E6D7C946-2961-4CAD-8184-57BA8530CAB2}.AppStore|Any CPU.ActiveCfg = Debug|Any CPU
		{E6D7C946-2961-4CAD-8184-57BA8530CAB2}.AppStore|Any CPU.Build.0 = Debug|Any CPU
		{E6D7C946-2961-4CAD-8184-57BA8530CAB2}.AppStore|Any CPU.Deploy.0 = Debug|Any CPU
		{E6D7C946-2961-4CAD-8184-57BA8530CAB2}.AppStore|ARM.ActiveCfg = Debug|Any CPU
		{E6D7C946-2961-4CAD-8184-57BA8530CAB2}.AppStore|ARM.Build.0 = Debug|Any CPU
		{E6D7C946-2961-4CAD-8184-57BA8530CAB2}.AppStore|ARM.Deploy.0 = Debug|Any CPU
		{E6D7C946-2961-4CAD-8184-57BA8530CAB2}.AppStore|iPhone.ActiveCfg = Debug|Any CPU
		{E6D7C946-2961-4CAD-8184-57BA8530CAB2}.AppStore|iPhone.Build.0 = Debug|Any CPU
		{E6D7C946-2961-4CAD-8184-57BA8530CAB2}.AppStore|iPhone.Deploy.0 = Debug|Any CPU
		{E6D7C946-2961-4CAD-8184-57BA8530CAB2}.AppStore|iPhoneSimulator.ActiveCfg = Debug|Any CPU
		{E6D7C946-2961-4CAD-8184-57BA8530CAB2}.AppStore|iPhoneSimulator.Build.0 = Debug|Any CPU
		{E6D7C946-2961-4CAD-8184-57BA8530CAB2}.AppStore|iPhoneSimulator.Deploy.0 = Debug|Any CPU
		{E6D7C946-2961-4CAD-8184-57BA8530CAB2}.AppStore|x64.ActiveCfg = Debug|Any CPU
		{E6D7C946-2961-4CAD-8184-57BA8530CAB2}.AppStore|x64.Build.0 = Debug|Any CPU
		{E6D7C946-2961-4CAD-8184-57BA8530CAB2}.AppStore|x64.Deploy.0 = Debug|Any CPU
		{E6D7C946-2961-4CAD-8184-57BA8530CAB2}.AppStore|x86.ActiveCfg = Debug|Any CPU
		{E6D7C946-2961-4CAD-8184-57BA8530CAB2}.AppStore|x86.Build.0 = Debug|Any CPU
		{E6D7C946-2961-4CAD-8184-57BA8530CAB2}.AppStore|x86.Deploy.0 = Debug|Any CPU
		{E6D7C946-2961-4CAD-8184-57BA8530CAB2}.Debug|Any CPU.ActiveCfg = Debug|Any CPU
		{E6D7C946-2961-4CAD-8184-57BA8530CAB2}.Debug|Any CPU.Build.0 = Debug|Any CPU
		{E6D7C946-2961-4CAD-8184-57BA8530CAB2}.Debug|Any CPU.Deploy.0 = Debug|Any CPU
		{E6D7C946-2961-4CAD-8184-57BA8530CAB2}.Debug|ARM.ActiveCfg = Debug|Any CPU
		{E6D7C946-2961-4CAD-8184-57BA8530CAB2}.Debug|ARM.Build.0 = Debug|Any CPU
		{E6D7C946-2961-4CAD-8184-57BA8530CAB2}.Debug|ARM.Deploy.0 = Debug|Any CPU
		{E6D7C946-2961-4CAD-8184-57BA8530CAB2}.Debug|iPhone.ActiveCfg = Debug|Any CPU
		{E6D7C946-2961-4CAD-8184-57BA8530CAB2}.Debug|iPhone.Build.0 = Debug|Any CPU
		{E6D7C946-2961-4CAD-8184-57BA8530CAB2}.Debug|iPhone.Deploy.0 = Debug|Any CPU
		{E6D7C946-2961-4CAD-8184-57BA8530CAB2}.Debug|iPhoneSimulator.ActiveCfg = Debug|Any CPU
		{E6D7C946-2961-4CAD-8184-57BA8530CAB2}.Debug|iPhoneSimulator.Build.0 = Debug|Any CPU
		{E6D7C946-2961-4CAD-8184-57BA8530CAB2}.Debug|iPhoneSimulator.Deploy.0 = Debug|Any CPU
		{E6D7C946-2961-4CAD-8184-57BA8530CAB2}.Debug|x64.ActiveCfg = Debug|Any CPU
		{E6D7C946-2961-4CAD-8184-57BA8530CAB2}.Debug|x64.Build.0 = Debug|Any CPU
		{E6D7C946-2961-4CAD-8184-57BA8530CAB2}.Debug|x64.Deploy.0 = Debug|Any CPU
		{E6D7C946-2961-4CAD-8184-57BA8530CAB2}.Debug|x86.ActiveCfg = Debug|Any CPU
		{E6D7C946-2961-4CAD-8184-57BA8530CAB2}.Debug|x86.Build.0 = Debug|Any CPU
		{E6D7C946-2961-4CAD-8184-57BA8530CAB2}.Debug|x86.Deploy.0 = Debug|Any CPU
		{E6D7C946-2961-4CAD-8184-57BA8530CAB2}.Release|Any CPU.ActiveCfg = Release|Any CPU
		{E6D7C946-2961-4CAD-8184-57BA8530CAB2}.Release|Any CPU.Build.0 = Release|Any CPU
		{E6D7C946-2961-4CAD-8184-57BA8530CAB2}.Release|Any CPU.Deploy.0 = Release|Any CPU
		{E6D7C946-2961-4CAD-8184-57BA8530CAB2}.Release|ARM.ActiveCfg = Release|Any CPU
		{E6D7C946-2961-4CAD-8184-57BA8530CAB2}.Release|ARM.Build.0 = Release|Any CPU
		{E6D7C946-2961-4CAD-8184-57BA8530CAB2}.Release|ARM.Deploy.0 = Release|Any CPU
		{E6D7C946-2961-4CAD-8184-57BA8530CAB2}.Release|iPhone.ActiveCfg = Release|Any CPU
		{E6D7C946-2961-4CAD-8184-57BA8530CAB2}.Release|iPhone.Build.0 = Release|Any CPU
		{E6D7C946-2961-4CAD-8184-57BA8530CAB2}.Release|iPhone.Deploy.0 = Release|Any CPU
		{E6D7C946-2961-4CAD-8184-57BA8530CAB2}.Release|iPhoneSimulator.ActiveCfg = Release|Any CPU
		{E6D7C946-2961-4CAD-8184-57BA8530CAB2}.Release|iPhoneSimulator.Build.0 = Release|Any CPU
		{E6D7C946-2961-4CAD-8184-57BA8530CAB2}.Release|iPhoneSimulator.Deploy.0 = Release|Any CPU
		{E6D7C946-2961-4CAD-8184-57BA8530CAB2}.Release|x64.ActiveCfg = Release|Any CPU
		{E6D7C946-2961-4CAD-8184-57BA8530CAB2}.Release|x64.Build.0 = Release|Any CPU
		{E6D7C946-2961-4CAD-8184-57BA8530CAB2}.Release|x64.Deploy.0 = Release|Any CPU
		{E6D7C946-2961-4CAD-8184-57BA8530CAB2}.Release|x86.ActiveCfg = Release|Any CPU
		{E6D7C946-2961-4CAD-8184-57BA8530CAB2}.Release|x86.Build.0 = Release|Any CPU
		{E6D7C946-2961-4CAD-8184-57BA8530CAB2}.Release|x86.Deploy.0 = Release|Any CPU
	EndGlobalSection
	GlobalSection(SolutionProperties) = preSolution
		HideSolutionNode = FALSE
	EndGlobalSection
	GlobalSection(ExtensibilityGlobals) = postSolution
		SolutionGuid = {4C9D27DD-50B0-4B5A-A358-B277FFB592A8}
	EndGlobalSection
EndGlobal
